# THIS IS AN AUTOGENERATED FILE. DO NOT EDIT THIS FILE DIRECTLY.
# yarn lockfile v1


component-props@*:
  version "1.1.1"
  resolved "https://registry.yarnpkg.com/component-props/-/component-props-1.1.1.tgz#f9b7df9b9927b6e6d97c9bd272aa867670f34944"

file-type@^4.1.0:
  version "4.4.0"
  resolved "https://registry.yarnpkg.com/file-type/-/file-type-4.4.0.tgz#1b600e5fca1fbdc6e80c0a70c71c8dba5f7906c5"

group-by@0.0.1:
  version "0.0.1"
  resolved "https://registry.yarnpkg.com/group-by/-/group-by-0.0.1.tgz#857620575f6714786f8d86bb19fd13e188dd68a4"
  dependencies:
    to-function "*"

image-size@^0.5.4:
  version "0.5.5"
  resolved "https://registry.yarnpkg.com/image-size/-/image-size-0.5.5.tgz#09dfd4ab9d20e29eb1c3e80b8990378df9e3cb9c"

image-type@^3.0.0:
  version "3.0.0"
  resolved "https://registry.yarnpkg.com/image-type/-/image-type-3.0.0.tgz#1502af3135f906e122c877c31e94af7b7a9146c5"
  dependencies:
    file-type "^4.1.0"

pify@^3.0.0:
  version "3.0.0"
  resolved "https://registry.yarnpkg.com/pify/-/pify-3.0.0.tgz#e5a4acd2c101fdf3d9a4d07f0dbc4db49dd28176"

read-chunk@latest:
  version "2.1.0"
  resolved "https://registry.yarnpkg.com/read-chunk/-/read-chunk-2.1.0.tgz#6a04c0928005ed9d42e1a6ac5600e19cbc7ff655"
  dependencies:
    pify "^3.0.0"
    safe-buffer "^5.1.1"

safe-buffer@^5.1.1:
  version "5.1.2"
  resolved "https://registry.yarnpkg.com/safe-buffer/-/safe-buffer-5.1.2.tgz#991ec69d296e0313747d59bdfd2b745c35f8828d"

to-function@*:
  version "2.0.6"
  resolved "https://registry.yarnpkg.com/to-function/-/to-function-2.0.6.tgz#7d56cd9c3b92fa8dbd7b22e83d51924de740ebc5"
  dependencies:
    component-props "*"

toml@^2.3.2:
  version "2.3.3"
  resolved "https://registry.yarnpkg.com/toml/-/toml-2.3.3.tgz#8d683d729577cb286231dfc7a8affe58d31728fb"
